
Microsoft Visual Studio Solution File, Format Version 12.00
# Visual Studio Version 16
VisualStudioVersion = 16.0.810.23
MinimumVisualStudioVersion = 10.0.40219.1
Project("{FAE04EC0-301F-11D3-BF4B-00C04F79EFBC}") = "vn_mode_csharp_dz27", "vn_mode_csharp_dz27.csproj", "{FF6C0555-3D53-4BF5-AB23-C2612556145B}"
EndProject
Global
	GlobalSection(SolutionConfigurationPlatforms) = preSolution
		Debug|Any CPU = Debug|Any CPU
		Release|Any CPU = Release|Any CPU
	EndGlobalSection
	GlobalSection(ProjectConfigurationPlatforms) = postSolution
		{FF6C0555-3D53-4BF5-AB23-C2612556145B}.Debug|Any CPU.ActiveCfg = Debug|Any CPU
		{FF6C0555-3D53-4BF5-AB23-C2612556145B}.Debug|Any CPU.Build.0 = Debug|Any CPU
		{FF6C0555-3D53-4BF5-AB23-C2612556145B}.Release|Any CPU.ActiveCfg = Release|Any CPU
		{FF6C0555-3D53-4BF5-AB23-C2612556145B}.Release|Any CPU.Build.0 = Release|Any CPU
	EndGlobalSection
	GlobalSection(SolutionProperties) = preSolution
		HideSolutionNode = FALSE
	EndGlobalSection
	GlobalSection(ExtensibilityGlobals) = postSolution
		SolutionGuid = {57BA3601-7177-4AB9-8A1E-6FED104BA7EE}
	EndGlobalSection
EndGlobal
